// !$*UTF8*$!
{
	archiveVersion = 1;
	classes = {
	};
	objectVersion = 50;
	objects = {

/* Begin PBXBuildFile section */
		21473B4A21516CA900B79188 /* AppDelegate.swift in Sources */ = {isa = PBXBuildFile; fileRef = 21473B4921516CA900B79188 /* AppDelegate.swift */; };
		21473B4C21516CA900B79188 /* art.scnassets in Resources */ = {isa = PBXBuildFile; fileRef = 21473B4B21516CA900B79188 /* art.scnassets */; };
		21473B4E21516CA900B79188 /* ViewController.swift in Sources */ = {isa = PBXBuildFile; fileRef = 21473B4D21516CA900B79188 /* ViewController.swift */; };
		21473B5121516CA900B79188 /* Main.storyboard in Resources */ = {isa = PBXBuildFile; fileRef = 21473B4F21516CA900B79188 /* Main.storyboard */; };
		21473B5321516CAA00B79188 /* Assets.xcassets in Resources */ = {isa = PBXBuildFile; fileRef = 21473B5221516CAA00B79188 /* Assets.xcassets */; };
		21473B5621516CAA00B79188 /* LaunchScreen.storyboard in Resources */ = {isa = PBXBuildFile; fileRef = 21473B5421516CAA00B79188 /* LaunchScreen.storyboard */; };
		A70C44E2A5D0898DC1A89012 /* Pods_ARDicee.framework in Frameworks */ = {isa = PBXBuildFile; fileRef = 158EEE4C44CDAC1F3B2AF366 /* Pods_ARDicee.framework */; };
/* End PBXBuildFile section */

/* Begin PBXFileReference section */
		158EEE4C44CDAC1F3B2AF366 /* Pods_ARDicee.framework */ = {isa = PBXFileReference; explicitFileType = wrapper.framework; includeInIndex = 0; path = Pods_ARDicee.framework; sourceTree = BUILT_PRODUCTS_DIR; };
		21473B4621516CA900B79188 /* ARDicee.app */ = {isa = PBXFileReference; explicitFileType = wrapper.application; includeInIndex = 0; path = ARDicee.app; sourceTree = BUILT_PRODUCTS_DIR; };
		21473B4921516CA900B79188 /* AppDelegate.swift */ = {isa = PBXFileReference; lastKnownFileType = sourcecode.swift; path = AppDelegate.swift; sourceTree = "<group>"; };
		21473B4B21516CA900B79188 /* art.scnassets */ = {isa = PBXFileReference; lastKnownFileType = wrapper.scnassets; path = art.scnassets; sourceTree = "<group>"; };
		21473B4D21516CA900B79188 /* ViewController.swift */ = {isa = PBXFileReference; lastKnownFileType = sourcecode.swift; path = ViewController.swift; sourceTree = "<group>"; };
		21473B5021516CA900B79188 /* Base */ = {isa = PBXFileReference; lastKnownFileType = file.storyboard; name = Base; path = Base.lproj/Main.storyboard; sourceTree = "<group>"; };
		21473B5221516CAA00B79188 /* Assets.xcassets */ = {isa = PBXFileReference; lastKnownFileType = folder.assetcatalog; path = Assets.xcassets; sourceTree = "<group>"; };
		21473B5521516CAA00B79188 /* Base */ = {isa = PBXFileReference; lastKnownFileType = file.storyboard; name = Base; path = Base.lproj/LaunchScreen.storyboard; sourceTree = "<group>"; };
		21473B5721516CAA00B79188 /* Info.plist */ = {isa = PBXFileReference; lastKnownFileType = text.plist.xml; path = Info.plist; sourceTree = "<group>"; };
		2E899438FC4982ECC983CD0C /* Pods-ARDicee.release.xcconfig */ = {isa = PBXFileReference; includeInIndex = 1; lastKnownFileType = text.xcconfig; name = "Pods-ARDicee.release.xcconfig"; path = "Pods/Target Support Files/Pods-ARDicee/Pods-ARDicee.release.xcconfig"; sourceTree = "<group>"; };
		4531B4AA01C12FDC42B2393E /* Pods-ARDicee.debug.xcconfig */ = {isa = PBXFileReference; includeInIndex = 1; lastKnownFileType = text.xcconfig; name = "Pods-ARDicee.debug.xcconfig"; path = "Pods/Target Support Files/Pods-ARDicee/Pods-ARDicee.debug.xcconfig"; sourceTree = "<group>"; };
/* End PBXFileReference section */

/* Begin PBXFrameworksBuildPhase section */
		21473B4321516CA900B79188 /* Frameworks */ = {
			isa = PBXFrameworksBuildPhase;
			buildActionMask = 2147483647;
			files = (
				A70C44E2A5D0898DC1A89012 /* Pods_ARDicee.framework in Frameworks */,
			);
			runOnlyForDeploymentPostprocessing = 0;
		};
/* End PBXFrameworksBuildPhase section */

/* Begin PBXGroup section */
		21473B3D21516CA900B79188 = {
			isa = PBXGroup;
			children = (
				21473B4821516CA900B79188 /* ARDicee */,
				21473B4721516CA900B79188 /* Products */,
				998DA47FBF8562840DDB5E91 /* Pods */,
				ABDD17B3F479A3640AA26CFE /* Frameworks */,
			);
			sourceTree = "<group>";
		};
		21473B4721516CA900B79188 /* Products */ = {
			isa = PBXGroup;
			children = (
				21473B4621516CA900B79188 /* ARDicee.app */,
			);
			name = Products;
			sourceTree = "<group>";
		};
		21473B4821516CA900B79188 /* ARDicee */ = {
			isa = PBXGroup;
			children = (
				21473B4921516CA900B79188 /* AppDelegate.swift */,
				21473B4D21516CA900B79188 /* ViewController.swift */,
				21473B4F21516CA900B79188 /* Main.storyboard */,
				21473B4B21516CA900B79188 /* art.scnassets */,
				21473B5221516CAA00B79188 /* Assets.xcassets */,
				21473B5421516CAA00B79188 /* LaunchScreen.storyboard */,
				21473B5721516CAA00B79188 /* Info.plist */,
			);
			path = ARDicee;
			sourceTree = "<group>";
		};
		998DA47FBF8562840DDB5E91 /* Pods */ = {
			isa = PBXGroup;
			children = (
				4531B4AA01C12FDC42B2393E /* Pods-ARDicee.debug.xcconfig */,
				2E899438FC4982ECC983CD0C /* Pods-ARDicee.release.xcconfig */,
			);
			name = Pods;
			sourceTree = "<group>";
		};
		ABDD17B3F479A3640AA26CFE /* Frameworks */ = {
			isa = PBXGroup;
			children = (
				158EEE4C44CDAC1F3B2AF366 /* Pods_ARDicee.framework */,
			);
			name = Frameworks;
			sourceTree = "<group>";
		};
/* End PBXGroup section */

/* Begin PBXNativeTarget section */
		21473B4521516CA900B79188 /* ARDicee */ = {
			isa = PBXNativeTarget;
			buildConfigurationList = 21473B5A21516CAA00B79188 /* Build configuration list for PBXNativeTarget "ARDicee" */;
			buildPhases = (
				21473B5D21516F8200B79188 /* ShellScript */,
				8E1C292624BA9B6891A407C1 /* [CP] Check Pods Manifest.lock */,
				21473B4221516CA900B79188 /* Sources */,
				21473B4321516CA900B79188 /* Frameworks */,
				21473B4421516CA900B79188 /* Resources */,
			);
			buildRules = (
			);
			dependencies = (
			);
			name = ARDicee;
			productName = ARDicee;
			productReference = 21473B4621516CA900B79188 /* ARDicee.app */;
			productType = "com.apple.product-type.application";
		};
/* End PBXNativeTarget section */

/* Begin PBXProject section */
		21473B3E21516CA900B79188 /* Project object */ = {
			isa = PBXProject;
			attributes = {
				LastSwiftUpdateCheck = 1000;
				LastUpgradeCheck = 1000;
				ORGANIZATIONNAME = "Luis M Gonzalez";
				TargetAttributes = {
					21473B4521516CA900B79188 = {
						CreatedOnToolsVersion = 10.0;
					};
				};
			};
			buildConfigurationList = 21473B4121516CA900B79188 /* Build configuration list for PBXProject "ARDicee" */;
			compatibilityVersion = "Xcode 9.3";
			developmentRegion = en;
			hasScannedForEncodings = 0;
			knownRegions = (
				en,
				Base,
			);
			mainGroup = 21473B3D21516CA900B79188;
			productRefGroup = 21473B4721516CA900B79188 /* Products */;
			projectDirPath = "";
			projectRoot = "";
			targets = (
				21473B4521516CA900B79188 /* ARDicee */,
			);
		};
/* End PBXProject section */

/* Begin PBXResourcesBuildPhase section */
		21473B4421516CA900B79188 /* Resources */ = {
			isa = PBXResourcesBuildPhase;
			buildActionMask = 2147483647;
			files = (
				21473B4C21516CA900B79188 /* art.scnassets in Resources */,
				21473B5621516CAA00B79188 /* LaunchScreen.storyboard in Resources */,
				21473B5321516CAA00B79188 /* Assets.xcassets in Resources */,
				21473B5121516CA900B79188 /* Main.storyboard in Resources */,
			);
			runOnlyForDeploymentPostprocessing = 0;
		};
/* End PBXResourcesBuildPhase section */

/* Begin PBXShellScriptBuildPhase section */
		21473B5D21516F8200B79188 /* ShellScript */ = {
			isa = PBXShellScriptBuildPhase;
			buildActionMask = 2147483647;
			files = (
			);
			inputFileListPaths = (
			);
			inputPaths = (
			);
			outputFileListPaths = (
			);
			outputPaths = (
			);
			runOnlyForDeploymentPostprocessing = 0;
			shellPath = /bin/sh;
			shellScript = "\"${PODS_ROOT}/SwiftLint/swiftlint\"\n";
		};
		8E1C292624BA9B6891A407C1 /* [CP] Check Pods Manifest.lock */ = {
			isa = PBXShellScriptBuildPhase;
			buildActionMask = 2147483647;
			files = (
			);
			inputPaths = (
				"${PODS_PODFILE_DIR_PATH}/Podfile.lock",
				"${PODS_ROOT}/Manifest.lock",
			);
			name = "[CP] Check Pods Manifest.lock";
			outputPaths = (
				"$(DERIVED_FILE_DIR)/Pods-ARDicee-checkManifestLockResult.txt",
			);
			runOnlyForDeploymentPostprocessing = 0;
			shellPath = /bin/sh;
			shellScript = "diff \"${PODS_PODFILE_DIR_PATH}/Podfile.lock\" \"${PODS_ROOT}/Manifest.lock\" > /dev/null\nif [ $? != 0 ] ; then\n    # print error to STDERR\n    echo \"error: The sandbox is not in sync with the Podfile.lock. Run 'pod install' or update your CocoaPods installation.\" >&2\n    exit 1\nfi\n# This output is used by Xcode 'outputs' to avoid re-running this script phase.\necho \"SUCCESS\" > \"${SCRIPT_OUTPUT_FILE_0}\"\n";
			showEnvVarsInLog = 0;
		};
/* End PBXShellScriptBuildPhase section */

/* Begin PBXSourcesBuildPhase section */
		21473B4221516CA900B79188 /* Sources */ = {
			isa = PBXSourcesBuildPhase;
			buildActionMask = 2147483647;
			files = (
				21473B4E21516CA900B79188 /* ViewController.swift in Sources */,
				21473B4A21516CA900B79188 /* AppDelegate.swift in Sources */,
			);
			runOnlyForDeploymentPostprocessing = 0;
		};
/* End PBXSourcesBuildPhase section */

/* Begin PBXVariantGroup section */
		21473B4F21516CA900B79188 /* Main.storyboard */ = {
			isa = PBXVariantGroup;
			children = (
				21473B5021516CA900B79188 /* Base */,
			);
			name = Main.storyboard;
			sourceTree = "<group>";
		};
		21473B5421516CAA00B79188 /* LaunchScreen.storyboard */ = {
			isa = PBXVariantGroup;
			children = (
				21473B5521516CAA00B79188 /* Base */,
			);
			name = LaunchScreen.storyboard;
			sourceTree = "<group>";
		};
/* End PBXVariantGroup section */

/* Begin XCBuildConfiguration section */
		21473B5821516CAA00B79188 /* Debug */ = {
			isa = XCBuildConfiguration;
			buildSettings = {
				ALWAYS_SEARCH_USER_PATHS = NO;
				CLANG_ANALYZER_NONNULL = YES;
				CLANG_ANALYZER_NUMBER_OBJECT_CONVERSION = YES_AGGRESSIVE;
				CLANG_CXX_LANGUAGE_STANDARD = "gnu++14";
				CLANG_CXX_LIBRARY = "libc++";
				CLANG_ENABLE_MODULES = YES;
				CLANG_ENABLE_OBJC_ARC = YES;
				CLANG_ENABLE_OBJC_WEAK = YES;
				CLANG_WARN_BLOCK_CAPTURE_AUTORELEASING = YES;
				CLANG_WARN_BOOL_CONVERSION = YES;
				CLANG_WARN_COMMA = YES;
				CLANG_WARN_CONSTANT_CONVERSION = YES;
				CLANG_WARN_DEPRECATED_OBJC_IMPLEMENTATIONS = YES;
				CLANG_WARN_DIRECT_OBJC_ISA_USAGE = YES_ERROR;
				CLANG_WARN_DOCUMENTATION_COMMENTS = YES;
				CLANG_WARN_EMPTY_BODY = YES;
				CLANG_WARN_ENUM_CONVERSION = YES;
				CLANG_WARN_INFINITE_RECURSION = YES;
				CLANG_WARN_INT_CONVERSION = YES;
				CLANG_WARN_NON_LITERAL_NULL_CONVERSION = YES;
				CLANG_WARN_OBJC_IMPLICIT_RETAIN_SELF = YES;
				CLANG_WARN_OBJC_LITERAL_CONVERSION = YES;
				CLANG_WARN_OBJC_ROOT_CLASS = YES_ERROR;
				CLANG_WARN_RANGE_LOOP_ANALYSIS = YES;
				CLANG_WARN_STRICT_PROTOTYPES = YES;
				CLANG_WARN_SUSPICIOUS_MOVE = YES;
				CLANG_WARN_UNGUARDED_AVAILABILITY = YES_AGGRESSIVE;
				CLANG_WARN_UNREACHABLE_CODE = YES;
				CLANG_WARN__DUPLICATE_METHOD_MATCH = YES;
				CODE_SIGN_IDENTITY = "iPhone Developer";
				COPY_PHASE_STRIP = NO;
				DEBUG_INFORMATION_FORMAT = dwarf;
				ENABLE_STRICT_OBJC_MSGSEND = YES;
				ENABLE_TESTABILITY = YES;
				GCC_C_LANGUAGE_STANDARD = gnu11;
				GCC_DYNAMIC_NO_PIC = NO;
				GCC_NO_COMMON_BLOCKS = YES;
				GCC_OPTIMIZATION_LEVEL = 0;
				GCC_PREPROCESSOR_DEFINITIONS = (
					"DEBUG=1",
					"$(inherited)",
				);
				GCC_WARN_64_TO_32_BIT_CONVERSION = YES;
				GCC_WARN_ABOUT_RETURN_TYPE = YES_ERROR;
				GCC_WARN_UNDECLARED_SELECTOR = YES;
				GCC_WARN_UNINITIALIZED_AUTOS = YES_AGGRESSIVE;
				GCC_WARN_UNUSED_FUNCTION = YES;
				GCC_WARN_UNUSED_VARIABLE = YES;
				IPHONEOS_DEPLOYMENT_TARGET = 12.0;
				MTL_ENABLE_DEBUG_INFO = INCLUDE_SOURCE;
				MTL_FAST_MATH = YES;
				ONLY_ACTIVE_ARCH = YES;
				SDKROOT = iphoneos;
				SWIFT_ACTIVE_COMPILATION_CONDITIONS = DEBUG;
				SWIFT_OPTIMIZATION_LEVEL = "-Onone";
			};
			name = Debug;
		};
		21473B5921516CAA00B79188 /* Release */ = {
			isa = XCBuildConfiguration;
			buildSettings = {
				ALWAYS_SEARCH_USER_PATHS = NO;
				CLANG_ANALYZER_NONNULL = YES;
				CLANG_ANALYZER_NUMBER_OBJECT_CONVERSION = YES_AGGRESSIVE;
				CLANG_CXX_LANGUAGE_STANDARD = "gnu++14";
				CLANG_CXX_LIBRARY = "libc++";
				CLANG_ENABLE_MODULES = YES;
				CLANG_ENABLE_OBJC_ARC = YES;
				CLANG_ENABLE_OBJC_WEAK = YES;
				CLANG_WARN_BLOCK_CAPTURE_AUTORELEASING = YES;
				CLANG_WARN_BOOL_CONVERSION = YES;
				CLANG_WARN_COMMA = YES;
				CLANG_WARN_CONSTANT_CONVERSION = YES;
				CLANG_WARN_DEPRECATED_OBJC_IMPLEMENTATIONS = YES;
				CLANG_WARN_DIRECT_OBJC_ISA_USAGE = YES_ERROR;
				CLANG_WARN_DOCUMENTATION_COMMENTS = YES;
				CLANG_WARN_EMPTY_BODY = YES;
				CLANG_WARN_ENUM_CONVERSION = YES;
				CLANG_WARN_INFINITE_RECURSION = YES;
				CLANG_WARN_INT_CONVERSION = YES;
				CLANG_WARN_NON_LITERAL_NULL_CONVERSION = YES;
				CLANG_WARN_OBJC_IMPLICIT_RETAIN_SELF = YES;
				CLANG_WARN_OBJC_LITERAL_CONVERSION = YES;
				CLANG_WARN_OBJC_ROOT_CLASS = YES_ERROR;
				CLANG_WARN_RANGE_LOOP_ANALYSIS = YES;
				CLANG_WARN_STRICT_PROTOTYPES = YES;
				CLANG_WARN_SUSPICIOUS_MOVE = YES;
				CLANG_WARN_UNGUARDED_AVAILABILITY = YES_AGGRESSIVE;
				CLANG_WARN_UNREACHABLE_CODE = YES;
				CLANG_WARN__DUPLICATE_METHOD_MATCH = YES;
				CODE_SIGN_IDENTITY = "iPhone Developer";
				COPY_PHASE_STRIP = NO;
				DEBUG_INFORMATION_FORMAT = "dwarf-with-dsym";
				ENABLE_NS_ASSERTIONS = NO;
				ENABLE_STRICT_OBJC_MSGSEND = YES;
				GCC_C_LANGUAGE_STANDARD = gnu11;
				GCC_NO_COMMON_BLOCKS = YES;
				GCC_WARN_64_TO_32_BIT_CONVERSION = YES;
				GCC_WARN_ABOUT_RETURN_TYPE = YES_ERROR;
				GCC_WARN_UNDECLARED_SELECTOR = YES;
				GCC_WARN_UNINITIALIZED_AUTOS = YES_AGGRESSIVE;
				GCC_WARN_UNUSED_FUNCTION = YES;
				GCC_WARN_UNUSED_VARIABLE = YES;
				IPHONEOS_DEPLOYMENT_TARGET = 12.0;
				MTL_ENABLE_DEBUG_INFO = NO;
				MTL_FAST_MATH = YES;
				SDKROOT = iphoneos;
				SWIFT_COMPILATION_MODE = wholemodule;
				SWIFT_OPTIMIZATION_LEVEL = "-O";
				VALIDATE_PRODUCT = YES;
			};
			name = Release;
		};
		21473B5B21516CAA00B79188 /* Debug */ = {
			isa = XCBuildConfiguration;
			baseConfigurationReference = 4531B4AA01C12FDC42B2393E /* Pods-ARDicee.debug.xcconfig */;
			buildSettings = {
				ASSETCATALOG_COMPILER_APPICON_NAME = AppIcon;
				CODE_SIGN_STYLE = Automatic;
				DEVELOPMENT_TEAM = P86HH76G4P;
				INFOPLIST_FILE = ARDicee/Info.plist;
				LD_RUNPATH_SEARCH_PATHS = (
					"$(inherited)",
					"@executable_path/Frameworks",
				);
				PRODUCT_BUNDLE_IDENTIFIER = com.luismgb.ARDicee;
				PRODUCT_NAME = "$(TARGET_NAME)";
				SWIFT_VERSION = 4.2;
				TARGETED_DEVICE_FAMILY = "1,2";
			};
			name = Debug;
		};
		21473B5C21516CAA00B79188 /* Release */ = {
			isa = XCBuildConfiguration;
			baseConfigurationReference = 2E899438FC4982ECC983CD0C /* Pods-ARDicee.release.xcconfig */;
			buildSettings = {
				ASSETCATALOG_COMPILER_APPICON_NAME = AppIcon;
				CODE_SIGN_STYLE = Automatic;
				DEVELOPMENT_TEAM = P86HH76G4P;
				INFOPLIST_FILE = ARDicee/Info.plist;
				LD_RUNPATH_SEARCH_PATHS = (
					"$(inherited)",
					"@executable_path/Frameworks",
				);
				PRODUCT_BUNDLE_IDENTIFIER = com.luismgb.ARDicee;
				PRODUCT_NAME = "$(TARGET_NAME)";
				SWIFT_VERSION = 4.2;
				TARGETED_DEVICE_FAMILY = "1,2";
			};
			name = Release;
		};
/* End XCBuildConfiguration section */

/* Begin XCConfigurationList section */
		21473B4121516CA900B79188 /* Build configuration list for PBXProject "ARDicee" */ = {
			isa = XCConfigurationList;
			buildConfigurations = (
				21473B5821516CAA00B79188 /* Debug */,
				21473B5921516CAA00B79188 /* Release */,
			);
			defaultConfigurationIsVisible = 0;
			defaultConfigurationName = Release;
		};
		21473B5A21516CAA00B79188 /* Build configuration list for PBXNativeTarget "ARDicee" */ = {
			isa = XCConfigurationList;
			buildConfigurations = (
				21473B5B21516CAA00B79188 /* Debug */,
				21473B5C21516CAA00B79188 /* Release */,
			);
			defaultConfigurationIsVisible = 0;
			defaultConfigurationName = Release;
		};
/* End XCConfigurationList section */
	};
	rootObject = 21473B3E21516CA900B79188 /* Project object */;
}
